
Microsoft Visual Studio Solution File, Format Version 12.00
# Visual Studio 14
VisualStudioVersion = 14.0.25123.0
MinimumVisualStudioVersion = 10.0.40219.1
Project("{FAE04EC0-301F-11D3-BF4B-00C04F79EFBC}") = "SpySharp.Tests.App", "SpySharp.Tests.App\SpySharp.Tests.App.csproj", "{32F3F07A-5C52-4B80-A087-763306B21272}"
EndProject
Project("{2150E333-8FDC-42A3-9474-1A3956D46DE8}") = "Solution Items", "Solution Items", "{B5AAD981-3BB2-4788-9D7A-08418531C26B}"
	ProjectSection(SolutionItems) = preProject
		.editorconfig = .editorconfig
		.gitignore = .gitignore
		Prebuild.ps1 = Prebuild.ps1
		Readme.md = Readme.md
	EndProjectSection
EndProject
Project("{F2A71F9B-5D33-465A-A702-920D77279786}") = "SpySharp.Tests", "SpySharp.Tests\SpySharp.Tests.fsproj", "{3033D2D7-D429-4D46-8DF5-E95F9287D57E}"
EndProject
Project("{2150E333-8FDC-42A3-9474-1A3956D46DE8}") = "SpySharp.Hooker", "SpySharp.Hooker", "{1F1E2FA9-1FDB-488A-ADB4-E26EB1378514}"
	ProjectSection(SolutionItems) = preProject
		SpySharp.Hooker\Build.ps1 = SpySharp.Hooker\Build.ps1
		SpySharp.Hooker\Hooker.il = SpySharp.Hooker\Hooker.il
	EndProjectSection
EndProject
Project("{F2A71F9B-5D33-465A-A702-920D77279786}") = "SpySharp.Core", "SpySharp.Core\SpySharp.Core.fsproj", "{33EA19AD-49BF-4A5E-86C6-8C7538FF8E96}"
EndProject
Global
	GlobalSection(SolutionConfigurationPlatforms) = preSolution
		Debug|x86 = Debug|x86
		Release|x86 = Release|x86
	EndGlobalSection
	GlobalSection(ProjectConfigurationPlatforms) = postSolution
		{32F3F07A-5C52-4B80-A087-763306B21272}.Debug|x86.ActiveCfg = Debug|x86
		{32F3F07A-5C52-4B80-A087-763306B21272}.Debug|x86.Build.0 = Debug|x86
		{32F3F07A-5C52-4B80-A087-763306B21272}.Release|x86.ActiveCfg = Release|x86
		{32F3F07A-5C52-4B80-A087-763306B21272}.Release|x86.Build.0 = Release|x86
		{3033D2D7-D429-4D46-8DF5-E95F9287D57E}.Debug|x86.ActiveCfg = Debug|x86
		{3033D2D7-D429-4D46-8DF5-E95F9287D57E}.Debug|x86.Build.0 = Debug|x86
		{3033D2D7-D429-4D46-8DF5-E95F9287D57E}.Release|x86.ActiveCfg = Release|x86
		{3033D2D7-D429-4D46-8DF5-E95F9287D57E}.Release|x86.Build.0 = Release|x86
		{33EA19AD-49BF-4A5E-86C6-8C7538FF8E96}.Debug|x86.ActiveCfg = Debug|x86
		{33EA19AD-49BF-4A5E-86C6-8C7538FF8E96}.Debug|x86.Build.0 = Debug|x86
		{33EA19AD-49BF-4A5E-86C6-8C7538FF8E96}.Release|x86.ActiveCfg = Release|x86
		{33EA19AD-49BF-4A5E-86C6-8C7538FF8E96}.Release|x86.Build.0 = Release|x86
	EndGlobalSection
	GlobalSection(SolutionProperties) = preSolution
		HideSolutionNode = FALSE
	EndGlobalSection
EndGlobal
